
Microsoft Visual Studio Solution File, Format Version 12.00
# Visual Studio Version 17
VisualStudioVersion = 17.4.33103.184
MinimumVisualStudioVersion = 10.0.40219.1
Project("{9A19103F-16F7-4668-BE54-9A1E7A4F7556}") = "DeliveryApp.Repository", "DeliveryApp.Repository\DeliveryApp.Repository.csproj", "{DAE3496D-E308-417F-AF5E-7F9268B3D82A}"
EndProject
Project("{9A19103F-16F7-4668-BE54-9A1E7A4F7556}") = "DeliveryApp.Commons", "DeliveryApp.Commons\DeliveryApp.Commons.csproj", "{23C14C55-BFE9-4097-A4DD-0736A2CE7E8A}"
EndProject
Project("{9A19103F-16F7-4668-BE54-9A1E7A4F7556}") = "DeliveryApp.Domain", "DeliveryApp.Domain\DeliveryApp.Domain.csproj", "{8EEAF5DF-D202-49C6-ACF7-E7FA54ADD524}"
EndProject
Project("{9A19103F-16F7-4668-BE54-9A1E7A4F7556}") = "DeliveryApp.Web", "DeliveryApp.Web\DeliveryApp.Web.csproj", "{7D298E6A-A430-4812-BFA5-B477B1134889}"
EndProject
Project("{9A19103F-16F7-4668-BE54-9A1E7A4F7556}") = "DeliveryApp.Application", "DeliveryApp.Aplication\DeliveryApp.Application.csproj", "{EDCD12C4-4A5E-4212-928C-63D068EBBD73}"
EndProject
Project("{9A19103F-16F7-4668-BE54-9A1E7A4F7556}") = "DeliveryApp.ExternalServices", "DeliveryApp.ExternalServices\DeliveryApp.ExternalServices.csproj", "{491F77E0-54A3-4760-808B-7D05D531C4A6}"
EndProject
Global
	GlobalSection(SolutionConfigurationPlatforms) = preSolution
		Debug|Any CPU = Debug|Any CPU
		Release|Any CPU = Release|Any CPU
	EndGlobalSection
	GlobalSection(ProjectConfigurationPlatforms) = postSolution
		{DAE3496D-E308-417F-AF5E-7F9268B3D82A}.Debug|Any CPU.ActiveCfg = Debug|Any CPU
		{DAE3496D-E308-417F-AF5E-7F9268B3D82A}.Debug|Any CPU.Build.0 = Debug|Any CPU
		{DAE3496D-E308-417F-AF5E-7F9268B3D82A}.Release|Any CPU.ActiveCfg = Release|Any CPU
		{DAE3496D-E308-417F-AF5E-7F9268B3D82A}.Release|Any CPU.Build.0 = Release|Any CPU
		{23C14C55-BFE9-4097-A4DD-0736A2CE7E8A}.Debug|Any CPU.ActiveCfg = Debug|Any CPU
		{23C14C55-BFE9-4097-A4DD-0736A2CE7E8A}.Debug|Any CPU.Build.0 = Debug|Any CPU
		{23C14C55-BFE9-4097-A4DD-0736A2CE7E8A}.Release|Any CPU.ActiveCfg = Release|Any CPU
		{23C14C55-BFE9-4097-A4DD-0736A2CE7E8A}.Release|Any CPU.Build.0 = Release|Any CPU
		{8EEAF5DF-D202-49C6-ACF7-E7FA54ADD524}.Debug|Any CPU.ActiveCfg = Debug|Any CPU
		{8EEAF5DF-D202-49C6-ACF7-E7FA54ADD524}.Debug|Any CPU.Build.0 = Debug|Any CPU
		{8EEAF5DF-D202-49C6-ACF7-E7FA54ADD524}.Release|Any CPU.ActiveCfg = Release|Any CPU
		{8EEAF5DF-D202-49C6-ACF7-E7FA54ADD524}.Release|Any CPU.Build.0 = Release|Any CPU
		{7D298E6A-A430-4812-BFA5-B477B1134889}.Debug|Any CPU.ActiveCfg = Debug|Any CPU
		{7D298E6A-A430-4812-BFA5-B477B1134889}.Debug|Any CPU.Build.0 = Debug|Any CPU
		{7D298E6A-A430-4812-BFA5-B477B1134889}.Release|Any CPU.ActiveCfg = Release|Any CPU
		{7D298E6A-A430-4812-BFA5-B477B1134889}.Release|Any CPU.Build.0 = Release|Any CPU
		{EDCD12C4-4A5E-4212-928C-63D068EBBD73}.Debug|Any CPU.ActiveCfg = Debug|Any CPU
		{EDCD12C4-4A5E-4212-928C-63D068EBBD73}.Debug|Any CPU.Build.0 = Debug|Any CPU
		{EDCD12C4-4A5E-4212-928C-63D068EBBD73}.Release|Any CPU.ActiveCfg = Release|Any CPU
		{EDCD12C4-4A5E-4212-928C-63D068EBBD73}.Release|Any CPU.Build.0 = Release|Any CPU
		{491F77E0-54A3-4760-808B-7D05D531C4A6}.Debug|Any CPU.ActiveCfg = Debug|Any CPU
		{491F77E0-54A3-4760-808B-7D05D531C4A6}.Debug|Any CPU.Build.0 = Debug|Any CPU
		{491F77E0-54A3-4760-808B-7D05D531C4A6}.Release|Any CPU.ActiveCfg = Release|Any CPU
		{491F77E0-54A3-4760-808B-7D05D531C4A6}.Release|Any CPU.Build.0 = Release|Any CPU
	EndGlobalSection
	GlobalSection(SolutionProperties) = preSolution
		HideSolutionNode = FALSE
	EndGlobalSection
	GlobalSection(ExtensibilityGlobals) = postSolution
		SolutionGuid = {2044F520-BA04-4422-BBAE-CCA8B166E7A7}
	EndGlobalSection
EndGlobal
